
Microsoft Visual Studio Solution File, Format Version 12.00
# Visual Studio Version 16
VisualStudioVersion = 16.0.32630.194
MinimumVisualStudioVersion = 10.0.40219.1
Project("{FAE04EC0-301F-11D3-BF4B-00C04F79EFBC}") = "Interfaces and Abstract Classes", "Interfaces and Abstract Classes.csproj", "{D98716C6-5104-427E-9C59-BAF57B7AC2C8}"
EndProject
Global
	GlobalSection(SolutionConfigurationPlatforms) = preSolution
		Debug|Any CPU = Debug|Any CPU
		Release|Any CPU = Release|Any CPU
	EndGlobalSection
	GlobalSection(ProjectConfigurationPlatforms) = postSolution
		{D98716C6-5104-427E-9C59-BAF57B7AC2C8}.Debug|Any CPU.ActiveCfg = Debug|Any CPU
		{D98716C6-5104-427E-9C59-BAF57B7AC2C8}.Debug|Any CPU.Build.0 = Debug|Any CPU
		{D98716C6-5104-427E-9C59-BAF57B7AC2C8}.Release|Any CPU.ActiveCfg = Release|Any CPU
		{D98716C6-5104-427E-9C59-BAF57B7AC2C8}.Release|Any CPU.Build.0 = Release|Any CPU
	EndGlobalSection
	GlobalSection(SolutionProperties) = preSolution
		HideSolutionNode = FALSE
	EndGlobalSection
	GlobalSection(ExtensibilityGlobals) = postSolution
		SolutionGuid = {3DC8DA19-0B1E-49D4-AF8C-95050F70898E}
	EndGlobalSection
EndGlobal
