
Microsoft Visual Studio Solution File, Format Version 12.00
# Visual Studio Version 16
VisualStudioVersion = 16.0.32630.194
MinimumVisualStudioVersion = 10.0.40219.1
Project("{FAE04EC0-301F-11D3-BF4B-00C04F79EFBC}") = "Homework1", "Homework1\Homework1.csproj", "{874BBC15-9CAB-478A-8874-1F1297F95142}"
EndProject
Global
	GlobalSection(SolutionConfigurationPlatforms) = preSolution
		Debug|Any CPU = Debug|Any CPU
		Release|Any CPU = Release|Any CPU
	EndGlobalSection
	GlobalSection(ProjectConfigurationPlatforms) = postSolution
		{874BBC15-9CAB-478A-8874-1F1297F95142}.Debug|Any CPU.ActiveCfg = Debug|Any CPU
		{874BBC15-9CAB-478A-8874-1F1297F95142}.Debug|Any CPU.Build.0 = Debug|Any CPU
		{874BBC15-9CAB-478A-8874-1F1297F95142}.Release|Any CPU.ActiveCfg = Release|Any CPU
		{874BBC15-9CAB-478A-8874-1F1297F95142}.Release|Any CPU.Build.0 = Release|Any CPU
	EndGlobalSection
	GlobalSection(SolutionProperties) = preSolution
		HideSolutionNode = FALSE
	EndGlobalSection
	GlobalSection(ExtensibilityGlobals) = postSolution
		SolutionGuid = {0EB13FB1-EB18-499C-BC60-714D0115C7CD}
	EndGlobalSection
EndGlobal
