
Microsoft Visual Studio Solution File, Format Version 12.00
# Visual Studio Version 16
VisualStudioVersion = 16.0.32630.194
MinimumVisualStudioVersion = 10.0.40219.1
Project("{FAE04EC0-301F-11D3-BF4B-00C04F79EFBC}") = "Loops", "Loops\Loops.csproj", "{B686E57C-3356-40FF-9A2A-DD5DDB1E6802}"
EndProject
Global
	GlobalSection(SolutionConfigurationPlatforms) = preSolution
		Debug|Any CPU = Debug|Any CPU
		Release|Any CPU = Release|Any CPU
	EndGlobalSection
	GlobalSection(ProjectConfigurationPlatforms) = postSolution
		{B686E57C-3356-40FF-9A2A-DD5DDB1E6802}.Debug|Any CPU.ActiveCfg = Debug|Any CPU
		{B686E57C-3356-40FF-9A2A-DD5DDB1E6802}.Debug|Any CPU.Build.0 = Debug|Any CPU
		{B686E57C-3356-40FF-9A2A-DD5DDB1E6802}.Release|Any CPU.ActiveCfg = Release|Any CPU
		{B686E57C-3356-40FF-9A2A-DD5DDB1E6802}.Release|Any CPU.Build.0 = Release|Any CPU
	EndGlobalSection
	GlobalSection(SolutionProperties) = preSolution
		HideSolutionNode = FALSE
	EndGlobalSection
	GlobalSection(ExtensibilityGlobals) = postSolution
		SolutionGuid = {C459FA11-46FD-4364-8C2D-49648D483CB6}
	EndGlobalSection
EndGlobal
