
Microsoft Visual Studio Solution File, Format Version 12.00
# Visual Studio Version 16
VisualStudioVersion = 16.0.32630.194
MinimumVisualStudioVersion = 10.0.40219.1
Project("{FAE04EC0-301F-11D3-BF4B-00C04F79EFBC}") = "String Methods", "Strings\String Methods.csproj", "{227ACF34-9EDC-4041-A5C4-69C7D7E7F866}"
EndProject
Global
	GlobalSection(SolutionConfigurationPlatforms) = preSolution
		Debug|Any CPU = Debug|Any CPU
		Release|Any CPU = Release|Any CPU
	EndGlobalSection
	GlobalSection(ProjectConfigurationPlatforms) = postSolution
		{227ACF34-9EDC-4041-A5C4-69C7D7E7F866}.Debug|Any CPU.ActiveCfg = Debug|Any CPU
		{227ACF34-9EDC-4041-A5C4-69C7D7E7F866}.Debug|Any CPU.Build.0 = Debug|Any CPU
		{227ACF34-9EDC-4041-A5C4-69C7D7E7F866}.Release|Any CPU.ActiveCfg = Release|Any CPU
		{227ACF34-9EDC-4041-A5C4-69C7D7E7F866}.Release|Any CPU.Build.0 = Release|Any CPU
	EndGlobalSection
	GlobalSection(SolutionProperties) = preSolution
		HideSolutionNode = FALSE
	EndGlobalSection
	GlobalSection(ExtensibilityGlobals) = postSolution
		SolutionGuid = {8592E57B-4CBA-4A84-AAA4-47E97BDF938F}
	EndGlobalSection
EndGlobal
