
Microsoft Visual Studio Solution File, Format Version 12.00
# Visual Studio Version 16
VisualStudioVersion = 16.0.32630.194
MinimumVisualStudioVersion = 10.0.40219.1
Project("{FAE04EC0-301F-11D3-BF4B-00C04F79EFBC}") = "Conditionals", "Conditionals\Conditionals.csproj", "{1132C3E7-5DD1-4A0E-BCB6-814C803F4D30}"
EndProject
Global
	GlobalSection(SolutionConfigurationPlatforms) = preSolution
		Debug|Any CPU = Debug|Any CPU
		Release|Any CPU = Release|Any CPU
	EndGlobalSection
	GlobalSection(ProjectConfigurationPlatforms) = postSolution
		{1132C3E7-5DD1-4A0E-BCB6-814C803F4D30}.Debug|Any CPU.ActiveCfg = Debug|Any CPU
		{1132C3E7-5DD1-4A0E-BCB6-814C803F4D30}.Debug|Any CPU.Build.0 = Debug|Any CPU
		{1132C3E7-5DD1-4A0E-BCB6-814C803F4D30}.Release|Any CPU.ActiveCfg = Release|Any CPU
		{1132C3E7-5DD1-4A0E-BCB6-814C803F4D30}.Release|Any CPU.Build.0 = Release|Any CPU
	EndGlobalSection
	GlobalSection(SolutionProperties) = preSolution
		HideSolutionNode = FALSE
	EndGlobalSection
	GlobalSection(ExtensibilityGlobals) = postSolution
		SolutionGuid = {18DD1EE7-013C-4265-AC73-E8CAE5FED177}
	EndGlobalSection
EndGlobal
