
Microsoft Visual Studio Solution File, Format Version 12.00
# Visual Studio Version 16
VisualStudioVersion = 16.0.32630.194
MinimumVisualStudioVersion = 10.0.40219.1
Project("{FAE04EC0-301F-11D3-BF4B-00C04F79EFBC}") = "Collections", "Collections\Collections.csproj", "{CCF99541-3676-4904-AEF8-F3B477C9B7A9}"
EndProject
Global
	GlobalSection(SolutionConfigurationPlatforms) = preSolution
		Debug|Any CPU = Debug|Any CPU
		Release|Any CPU = Release|Any CPU
	EndGlobalSection
	GlobalSection(ProjectConfigurationPlatforms) = postSolution
		{CCF99541-3676-4904-AEF8-F3B477C9B7A9}.Debug|Any CPU.ActiveCfg = Debug|Any CPU
		{CCF99541-3676-4904-AEF8-F3B477C9B7A9}.Debug|Any CPU.Build.0 = Debug|Any CPU
		{CCF99541-3676-4904-AEF8-F3B477C9B7A9}.Release|Any CPU.ActiveCfg = Release|Any CPU
		{CCF99541-3676-4904-AEF8-F3B477C9B7A9}.Release|Any CPU.Build.0 = Release|Any CPU
	EndGlobalSection
	GlobalSection(SolutionProperties) = preSolution
		HideSolutionNode = FALSE
	EndGlobalSection
	GlobalSection(ExtensibilityGlobals) = postSolution
		SolutionGuid = {5DC8F591-B7D5-45F0-A6E2-9066060410E1}
	EndGlobalSection
EndGlobal
