
Microsoft Visual Studio Solution File, Format Version 12.00
# Visual Studio Version 16
VisualStudioVersion = 16.0.32630.194
MinimumVisualStudioVersion = 10.0.40219.1
Project("{FAE04EC0-301F-11D3-BF4B-00C04F79EFBC}") = "Question2", "Question2\Question2.csproj", "{F01A1509-D35C-4756-89E4-E5022A9ED23B}"
EndProject
Global
	GlobalSection(SolutionConfigurationPlatforms) = preSolution
		Debug|Any CPU = Debug|Any CPU
		Release|Any CPU = Release|Any CPU
	EndGlobalSection
	GlobalSection(ProjectConfigurationPlatforms) = postSolution
		{F01A1509-D35C-4756-89E4-E5022A9ED23B}.Debug|Any CPU.ActiveCfg = Debug|Any CPU
		{F01A1509-D35C-4756-89E4-E5022A9ED23B}.Debug|Any CPU.Build.0 = Debug|Any CPU
		{F01A1509-D35C-4756-89E4-E5022A9ED23B}.Release|Any CPU.ActiveCfg = Release|Any CPU
		{F01A1509-D35C-4756-89E4-E5022A9ED23B}.Release|Any CPU.Build.0 = Release|Any CPU
	EndGlobalSection
	GlobalSection(SolutionProperties) = preSolution
		HideSolutionNode = FALSE
	EndGlobalSection
	GlobalSection(ExtensibilityGlobals) = postSolution
		SolutionGuid = {0599AF8E-B220-4C5A-9ECE-52E790349D33}
	EndGlobalSection
EndGlobal
