
Microsoft Visual Studio Solution File, Format Version 12.00
# Visual Studio Version 16
VisualStudioVersion = 16.0.32630.194
MinimumVisualStudioVersion = 10.0.40219.1
Project("{FAE04EC0-301F-11D3-BF4B-00C04F79EFBC}") = "Variables and Datetime Function", "Learning\Variables and Datetime Function.csproj", "{2F6764A4-E020-404E-B4C4-EA22CAC33C15}"
EndProject
Global
	GlobalSection(SolutionConfigurationPlatforms) = preSolution
		Debug|Any CPU = Debug|Any CPU
		Release|Any CPU = Release|Any CPU
	EndGlobalSection
	GlobalSection(ProjectConfigurationPlatforms) = postSolution
		{2F6764A4-E020-404E-B4C4-EA22CAC33C15}.Debug|Any CPU.ActiveCfg = Debug|Any CPU
		{2F6764A4-E020-404E-B4C4-EA22CAC33C15}.Debug|Any CPU.Build.0 = Debug|Any CPU
		{2F6764A4-E020-404E-B4C4-EA22CAC33C15}.Release|Any CPU.ActiveCfg = Release|Any CPU
		{2F6764A4-E020-404E-B4C4-EA22CAC33C15}.Release|Any CPU.Build.0 = Release|Any CPU
	EndGlobalSection
	GlobalSection(SolutionProperties) = preSolution
		HideSolutionNode = FALSE
	EndGlobalSection
	GlobalSection(ExtensibilityGlobals) = postSolution
		SolutionGuid = {4E5DA008-6FAD-420A-B2E7-F15CCAF634DF}
	EndGlobalSection
EndGlobal
